{
  "name": "dgc-tw-web-core",
  "version": "1.0.0",
  "lockfileVersion": 1,
  "requires": true,
  "dependencies": {
    "@cto.af/textdecoder": {
      "version": "0.0.0",
      "resolved": "https://registry.npmjs.org/@cto.af/textdecoder/-/textdecoder-0.0.0.tgz",
      "integrity": "sha512-sJpx3F5xcVV/9jNYJQtvimo4Vfld/nD3ph+ZWtQzZ03Zo8rJC7QKQTRcIGS13Rcz80DwFNthCWMrd58vpY4ZAQ=="
    },
    "@fidm/asn1": {
      "version": "1.0.4",
      "resolved": "https://registry.npmjs.org/@fidm/asn1/-/asn1-1.0.4.tgz",
      "integrity": "sha512-esd1jyNvRb2HVaQGq2Gg8Z0kbQPXzV9Tq5Z14KNIov6KfFD6PTaRIO8UpcsYiTNzOqJpmyzWgVTrUwFV3UF4TQ=="
    },
    "@fidm/x509": {
      "version": "1.2.1",
      "resolved": "https://registry.npmjs.org/@fidm/x509/-/x509-1.2.1.tgz",
      "integrity": "sha512-nwc2iesjyc9hkuzcrMCBXQRn653XuAUKorfWM8PZyJawiy1QzLj4vahwzaI25+pfpwOLvMzbJ0uKpWLDNmo16w==",
      "requires": {
        "@fidm/asn1": "^1.0.4",
        "tweetnacl": "^1.0.1"
      }
    },
    "@types/bignumber.js": {
      "version": "5.0.0",
      "resolved": "https://registry.npmjs.org/@types/bignumber.js/-/bignumber.js-5.0.0.tgz",
      "integrity": "sha512-0DH7aPGCClywOFaxxjE6UwpN2kQYe9LwuDQMv+zYA97j5GkOMo8e66LYT+a8JYU7jfmUFRZLa9KycxHDsKXJCA==",
      "dev": true,
      "requires": {
        "bignumber.js": "*"
      }
    },
    "@types/cbor": {
      "version": "6.0.0",
      "resolved": "https://registry.npmjs.org/@types/cbor/-/cbor-6.0.0.tgz",
      "integrity": "sha512-mGQ1lbYOwVti5Xlarn1bTeBZqgY0kstsdjnkoEovgohYKdBjGejHyNGXHdMBeqyQazIv32Jjp33+5pBEaSRy2w==",
      "dev": true,
      "requires": {
        "cbor": "*"
      }
    },
    "@types/crypto-js": {
      "version": "4.0.2",
      "resolved": "https://registry.npmjs.org/@types/crypto-js/-/crypto-js-4.0.2.tgz",
      "integrity": "sha512-sCVniU+h3GcGqxOmng11BRvf9TfN9yIs8KKjB8C8d75W69cpTfZG80gau9yTx5SxF3gvHGbJhdESzzvnjtf3Og==",
      "dev": true
    },
    "@types/jsrsasign": {
      "version": "8.0.13",
      "resolved": "https://registry.npmjs.org/@types/jsrsasign/-/jsrsasign-8.0.13.tgz",
      "integrity": "sha512-+0Ij59D6NXP48KkeLhPXeQKOyLjvA9CD7zacc0Svy2IWHdl62BmDeTvGSIwKaGZSoamLJOo+on1AG/wPRLsd7A==",
      "dev": true
    },
    "@types/lodash": {
      "version": "4.14.171",
      "resolved": "https://registry.npmjs.org/@types/lodash/-/lodash-4.14.171.tgz",
      "integrity": "sha512-7eQ2xYLLI/LsicL2nejW9Wyko3lcpN6O/z0ZLHrEQsg280zIdCv1t/0m6UtBjUHokCGBQ3gYTbHzDkZ1xOBwwg==",
      "dev": true
    },
    "@types/node": {
      "version": "16.3.1",
      "resolved": "https://registry.npmjs.org/@types/node/-/node-16.3.1.tgz",
      "integrity": "sha512-N87VuQi7HEeRJkhzovao/JviiqKjDKMVKxKMfUvSKw+MbkbW8R0nA3fi/MQhhlxV2fQ+2ReM+/Nt4efdrJx3zA==",
      "dev": true
    },
    "bignumber.js": {
      "version": "9.0.1",
      "resolved": "https://registry.npmjs.org/bignumber.js/-/bignumber.js-9.0.1.tgz",
      "integrity": "sha512-IdZR9mh6ahOBv/hYGiXyVuyCetmGJhtYkqLBpTStdhEGjegpPlUawydyaF3pbIOFynJTpllEs+NP+CS9jKFLjA=="
    },
    "browserify-zlib": {
      "version": "0.2.0",
      "resolved": "https://registry.npmjs.org/browserify-zlib/-/browserify-zlib-0.2.0.tgz",
      "integrity": "sha512-Z942RysHXmJrhqk88FmKBVq/v5tqmSkDz7p54G/MGyjMnCFFnC79XWNbg+Vta8W6Wb2qtSZTSxIGkJrRpCFEiA==",
      "requires": {
        "pako": "~1.0.5"
      }
    },
    "cbor": {
      "version": "7.0.6",
      "resolved": "https://registry.npmjs.org/cbor/-/cbor-7.0.6.tgz",
      "integrity": "sha512-rgt2RFogHGDLFU5r0kSfyeBc+de55DwYHP73KxKsQxsR5b0CYuQPH6AnJaXByiohpLdjQqj/K0SFcOV+dXdhSA==",
      "requires": {
        "@cto.af/textdecoder": "^0.0.0",
        "nofilter": "^2.0.3"
      }
    },
    "crypto-js": {
      "version": "4.0.0",
      "resolved": "https://registry.npmjs.org/crypto-js/-/crypto-js-4.0.0.tgz",
      "integrity": "sha512-bzHZN8Pn+gS7DQA6n+iUmBfl0hO5DJq++QP3U6uTucDtk/0iGpXd/Gg7CGR0p8tJhofJyaKoWBuJI4eAO00BBg=="
    },
    "inherits": {
      "version": "2.0.4",
      "resolved": "https://registry.npmjs.org/inherits/-/inherits-2.0.4.tgz",
      "integrity": "sha512-k/vGaX4/Yla3WzyMCvTQOXYeIHvqOKtnqBduzTHpzpQZzAskKMhZ2K+EnBiSM9zGSoIFeMpXKxa4dYeZIQqewQ=="
    },
    "jsrsasign": {
      "version": "10.3.0",
      "resolved": "https://registry.npmjs.org/jsrsasign/-/jsrsasign-10.3.0.tgz",
      "integrity": "sha512-irDIKKFW++EAELgP3fjFi5/Fn0XEyfuQTTgpbeFwCGkV6tRIYZl3uraRea2HTXWCstcSZuDaCbdAhU1n+075Bg=="
    },
    "lodash": {
      "version": "4.17.21",
      "resolved": "https://registry.npmjs.org/lodash/-/lodash-4.17.21.tgz",
      "integrity": "sha512-v2kDEe57lecTulaDIuNTPy3Ry4gLGJ6Z1O3vE1krgXZNrsQ+LFTGHVxVjcXPs17LhbZVGedAJv8XZ1tvj5FvSg=="
    },
    "moment": {
      "version": "2.29.1",
      "resolved": "https://registry.npmjs.org/moment/-/moment-2.29.1.tgz",
      "integrity": "sha512-kHmoybcPV8Sqy59DwNDY3Jefr64lK/by/da0ViFcuA4DH0vQg5Q6Ze5VimxkfQNSC+Mls/Kx53s7TjP1RhFEDQ=="
    },
    "net": {
      "version": "1.0.2",
      "resolved": "https://registry.npmjs.org/net/-/net-1.0.2.tgz",
      "integrity": "sha1-0XV+yaf7I3HYPPR1XOPifhCCk4g="
    },
    "node-inspect-extracted": {
      "version": "1.0.8",
      "resolved": "https://registry.npmjs.org/node-inspect-extracted/-/node-inspect-extracted-1.0.8.tgz",
      "integrity": "sha512-T36kNTyW9aKWc00mQZCDpYt0gnNPhdNL1wnul6xrHRciIZAtw37K3hrUDJjUWUijzm/Q3UTdDDk0TLe5qv1cYA=="
    },
    "nofilter": {
      "version": "2.0.3",
      "resolved": "https://registry.npmjs.org/nofilter/-/nofilter-2.0.3.tgz",
      "integrity": "sha512-FbuXC+lK+GU2+63D1kC1ETiZo+Z7SIi7B+mxKTCH1byrh6WFvfBCN/wpherFz0a0bjGd7EKTst/cz0yLeNngug==",
      "requires": {
        "@cto.af/textdecoder": "^0.0.0"
      }
    },
    "pako": {
      "version": "1.0.11",
      "resolved": "https://registry.npmjs.org/pako/-/pako-1.0.11.tgz",
      "integrity": "sha512-4hLB8Py4zZce5s4yd9XzopqwVv/yGNhV1Bl8NTmCq1763HeK2+EwVTv+leGeL13Dnh2wfbqowVPXCIO0z4taYw=="
    },
    "readable-stream": {
      "version": "3.6.0",
      "resolved": "https://registry.npmjs.org/readable-stream/-/readable-stream-3.6.0.tgz",
      "integrity": "sha512-BViHy7LKeTz4oNnkcLJ+lVSL6vpiFeX6/d3oSH8zCW7UxP2onchk+vTGB143xuFjHS3deTgkKoXXymXqymiIdA==",
      "requires": {
        "inherits": "^2.0.3",
        "string_decoder": "^1.1.1",
        "util-deprecate": "^1.0.1"
      }
    },
    "reflect-metadata": {
      "version": "0.1.13",
      "resolved": "https://registry.npmjs.org/reflect-metadata/-/reflect-metadata-0.1.13.tgz",
      "integrity": "sha512-Ts1Y/anZELhSsjMcU605fU9RE4Oi3p5ORujwbIKXfWa+0Zxs510Qrmrce5/Jowq3cHSZSJqBjypxmHarc+vEWg=="
    },
    "safe-buffer": {
      "version": "5.2.1",
      "resolved": "https://registry.npmjs.org/safe-buffer/-/safe-buffer-5.2.1.tgz",
      "integrity": "sha512-rp3So07KcdmmKbGvgaNxQSJr7bGVSVk5S9Eq1F+ppbRo70+YeaDxkw5Dd8NPN+GD6bjnYm2VuPuCXmpuYvmCXQ=="
    },
    "sha256-uint8array": {
      "version": "0.10.1",
      "resolved": "https://registry.npmjs.org/sha256-uint8array/-/sha256-uint8array-0.10.1.tgz",
      "integrity": "sha512-0cBzinlE3dNwss4v0x5zu/ngKSIxS7Uta3ibb0tv4wTtvKFEuFmcuKtWmU4jdHPuMUBg0r1cCGaILMlqLYuWjQ=="
    },
    "stream-browserify": {
      "version": "3.0.0",
      "resolved": "https://registry.npmjs.org/stream-browserify/-/stream-browserify-3.0.0.tgz",
      "integrity": "sha512-H73RAHsVBapbim0tU2JwwOiXUj+fikfiaoYAKHF3VJfA0pe2BCzkhAHBlLG6REzE+2WNZcxOXjK7lkso+9euLA==",
      "requires": {
        "inherits": "~2.0.4",
        "readable-stream": "^3.5.0"
      }
    },
    "string_decoder": {
      "version": "1.3.0",
      "resolved": "https://registry.npmjs.org/string_decoder/-/string_decoder-1.3.0.tgz",
      "integrity": "sha512-hkRX8U1WjJFd8LsDJ2yQ/wWWxaopEsABU1XfkM8A+j0+85JAGppt16cr1Whg6KIbb4okU6Mql6BOj+uup/wKeA==",
      "requires": {
        "safe-buffer": "~5.2.0"
      }
    },
    "tslib": {
      "version": "2.3.0",
      "resolved": "https://registry.npmjs.org/tslib/-/tslib-2.3.0.tgz",
      "integrity": "sha512-N82ooyxVNm6h1riLCoyS9e3fuJ3AMG2zIZs2Gd1ATcSFjSA23Q0fzjjZeh0jbJvWVDZ0cJT8yaNNaaXHzueNjg=="
    },
    "tweetnacl": {
      "version": "1.0.3",
      "resolved": "https://registry.npmjs.org/tweetnacl/-/tweetnacl-1.0.3.tgz",
      "integrity": "sha512-6rt+RN7aOi1nGMyC4Xa5DdYiukl2UWCbcJft7YhxReBGQD7OAM8Pbxw6YMo4r2diNEA8FEmu32YOn9rhaiE5yw=="
    },
    "typescript-json-serializer": {
      "version": "3.4.4",
      "resolved": "https://registry.npmjs.org/typescript-json-serializer/-/typescript-json-serializer-3.4.4.tgz",
      "integrity": "sha512-SrVdMe1k9QMoVUIvTUGCOwSl65NJIQwg7ekXUpQkbdnWbGL11rBzHBlj+YW+E4upRPnM5aHGccc9y88EhTlM+Q==",
      "requires": {
        "reflect-metadata": "^0.1.13",
        "tslib": "^2.3.0"
      }
    },
    "util-deprecate": {
      "version": "1.0.2",
      "resolved": "https://registry.npmjs.org/util-deprecate/-/util-deprecate-1.0.2.tgz",
      "integrity": "sha1-RQ1Nyfpw3nMnYvvS1KKJgUGaDM8="
    }
  }
}
